{
    "name": "is-php-dead.lol",
    "lockfileVersion": 2,
    "requires": true,
    "packages": {
        "": {
            "devDependencies": {
                "@parcel/css-cli": "^1.10.1"
            }
        },
        "node_modules/@parcel/css-cli": {
            "version": "1.10.1",
            "resolved": "https://registry.npmjs.org/@parcel/css-cli/-/css-cli-1.10.1.tgz",
            "integrity": "sha512-SqHfRHWKu9ycfunMjVYUsCkTMnWZxiV3zYioPMNT0WTUGBVbiUlInhlu1jxj8dndHaixYZUoQfIp+xr4YAcwFg==",
            "dev": true,
            "hasInstallScript": true,
            "dependencies": {
                "detect-libc": "^1.0.3"
            },
            "bin": {
                "parcel-css": "parcel_css"
            },
            "engines": {
                "node": ">= 12.0.0"
            },
            "funding": {
                "type": "opencollective",
                "url": "https://opencollective.com/parcel"
            },
            "optionalDependencies": {
                "@parcel/css-cli-darwin-arm64": "1.10.1",
                "@parcel/css-cli-darwin-x64": "1.10.1",
                "@parcel/css-cli-linux-arm-gnueabihf": "1.10.1",
                "@parcel/css-cli-linux-arm64-gnu": "1.10.1",
                "@parcel/css-cli-linux-arm64-musl": "1.10.1",
                "@parcel/css-cli-linux-x64-gnu": "1.10.1",
                "@parcel/css-cli-linux-x64-musl": "1.10.1",
                "@parcel/css-cli-win32-x64-msvc": "1.10.1"
            }
        },
        "node_modules/@parcel/css-cli-darwin-arm64": {
            "version": "1.10.1",
            "resolved": "https://registry.npmjs.org/@parcel/css-cli-darwin-arm64/-/css-cli-darwin-arm64-1.10.1.tgz",
            "integrity": "sha512-pkLNooZfkHDLwcTqkmPRmGD1vnKL66LqT4OIbL8DFQYGPslVBd8mniVPTxS3S8qRvBc76DUjL0K7yLUjAkW8SQ==",
            "cpu": [
                "arm64"
            ],
            "dev": true,
            "optional": true,
            "os": [
                "darwin"
            ],
            "engines": {
                "node": ">= 12.0.0"
            },
            "funding": {
                "type": "opencollective",
                "url": "https://opencollective.com/parcel"
            }
        },
        "node_modules/@parcel/css-cli-darwin-x64": {
            "version": "1.10.1",
            "resolved": "https://registry.npmjs.org/@parcel/css-cli-darwin-x64/-/css-cli-darwin-x64-1.10.1.tgz",
            "integrity": "sha512-jPkjTarrRrwWPzaHwPSVz6UMFf93Vk3xuD0zrl7S9F/I4knP3Kx8816aut8Hm2nD1hGYBywMY6dl0udbsZhp6w==",
            "cpu": [
                "x64"
            ],
            "dev": true,
            "optional": true,
            "os": [
                "darwin"
            ],
            "engines": {
                "node": ">= 12.0.0"
            },
            "funding": {
                "type": "opencollective",
                "url": "https://opencollective.com/parcel"
            }
        },
        "node_modules/@parcel/css-cli-linux-arm-gnueabihf": {
            "version": "1.10.1",
            "resolved": "https://registry.npmjs.org/@parcel/css-cli-linux-arm-gnueabihf/-/css-cli-linux-arm-gnueabihf-1.10.1.tgz",
            "integrity": "sha512-nqHuemrGlI8Ltv3Xd4acHp1ZX81vi2j1lpMKXAT9A9nOIQJhvKdQ0ZmUFQthZ+yxlcgl2ncvGp406RM+xUtbYw==",
            "cpu": [
                "arm"
            ],
            "dev": true,
            "optional": true,
            "os": [
                "linux"
            ],
            "engines": {
                "node": ">= 12.0.0"
            },
            "funding": {
                "type": "opencollective",
                "url": "https://opencollective.com/parcel"
            }
        },
        "node_modules/@parcel/css-cli-linux-arm64-gnu": {
            "version": "1.10.1",
            "resolved": "https://registry.npmjs.org/@parcel/css-cli-linux-arm64-gnu/-/css-cli-linux-arm64-gnu-1.10.1.tgz",
            "integrity": "sha512-TPekl3oI37ASGga6O/oxD2DmA0HObnCUI9CsvkYetpZg+cDFvpNu1ZVE44rXb5SOvDNDECd9ITRcv69NLJsiFw==",
            "cpu": [
                "arm64"
            ],
            "dev": true,
            "optional": true,
            "os": [
                "linux"
            ],
            "engines": {
                "node": ">= 12.0.0"
            },
            "funding": {
                "type": "opencollective",
                "url": "https://opencollective.com/parcel"
            }
        },
        "node_modules/@parcel/css-cli-linux-arm64-musl": {
            "version": "1.10.1",
            "resolved": "https://registry.npmjs.org/@parcel/css-cli-linux-arm64-musl/-/css-cli-linux-arm64-musl-1.10.1.tgz",
            "integrity": "sha512-V+D3jf4gVztYWLwufzLe2VoCjF5yopLEFZglEfuuR+vEyt6Tbatg1s7ITnkWPmfZ9Grpjdt4iCkfof2neh7znA==",
            "cpu": [
                "arm64"
            ],
            "dev": true,
            "optional": true,
            "os": [
                "linux"
            ],
            "engines": {
                "node": ">= 12.0.0"
            },
            "funding": {
                "type": "opencollective",
                "url": "https://opencollective.com/parcel"
            }
        },
        "node_modules/@parcel/css-cli-linux-x64-gnu": {
            "version": "1.10.1",
            "resolved": "https://registry.npmjs.org/@parcel/css-cli-linux-x64-gnu/-/css-cli-linux-x64-gnu-1.10.1.tgz",
            "integrity": "sha512-gRb+lFkWgL9E6d/gW5tea+aMNL23AAOt6DdKlNAe9JDm3NqL39wljkeTl8/g4IQfZUfyivffhMlnHBBXUo07Xw==",
            "cpu": [
                "x64"
            ],
            "dev": true,
            "optional": true,
            "os": [
                "linux"
            ],
            "engines": {
                "node": ">= 12.0.0"
            },
            "funding": {
                "type": "opencollective",
                "url": "https://opencollective.com/parcel"
            }
        },
        "node_modules/@parcel/css-cli-linux-x64-musl": {
            "version": "1.10.1",
            "resolved": "https://registry.npmjs.org/@parcel/css-cli-linux-x64-musl/-/css-cli-linux-x64-musl-1.10.1.tgz",
            "integrity": "sha512-KVa5zVkjXOT/YDGickKbm1jCLMEIbuYuy/aL5iO8Vre5bMwVLrADee//EU/3NkR9pEK4Fsm0ccIJnvIAsxtj8Q==",
            "cpu": [
                "x64"
            ],
            "dev": true,
            "optional": true,
            "os": [
                "linux"
            ],
            "engines": {
                "node": ">= 12.0.0"
            },
            "funding": {
                "type": "opencollective",
                "url": "https://opencollective.com/parcel"
            }
        },
        "node_modules/@parcel/css-cli-win32-x64-msvc": {
            "version": "1.10.1",
            "resolved": "https://registry.npmjs.org/@parcel/css-cli-win32-x64-msvc/-/css-cli-win32-x64-msvc-1.10.1.tgz",
            "integrity": "sha512-Q6UtcvEiS9nVXMAqnvrNoOEmUXRM8zq7KcV4iuq+a6Q8FiN1Hj8qjn3oqcvRZ5RnNMK1Wf2HAwsiHNw4/WGv0Q==",
            "cpu": [
                "x64"
            ],
            "dev": true,
            "optional": true,
            "os": [
                "win32"
            ],
            "engines": {
                "node": ">= 12.0.0"
            },
            "funding": {
                "type": "opencollective",
                "url": "https://opencollective.com/parcel"
            }
        },
        "node_modules/detect-libc": {
            "version": "1.0.3",
            "resolved": "https://registry.npmjs.org/detect-libc/-/detect-libc-1.0.3.tgz",
            "integrity": "sha512-pGjwhsmsp4kL2RTz08wcOlGN83otlqHeD/Z5T8GXZB+/YcpQ/dgo+lbU8ZsGxV0HIvqqxo9l7mqYwyYMD9bKDg==",
            "dev": true,
            "bin": {
                "detect-libc": "bin/detect-libc.js"
            },
            "engines": {
                "node": ">=0.10"
            }
        }
    },
    "dependencies": {
        "@parcel/css-cli": {
            "version": "1.10.1",
            "resolved": "https://registry.npmjs.org/@parcel/css-cli/-/css-cli-1.10.1.tgz",
            "integrity": "sha512-SqHfRHWKu9ycfunMjVYUsCkTMnWZxiV3zYioPMNT0WTUGBVbiUlInhlu1jxj8dndHaixYZUoQfIp+xr4YAcwFg==",
            "dev": true,
            "requires": {
                "@parcel/css-cli-darwin-arm64": "1.10.1",
                "@parcel/css-cli-darwin-x64": "1.10.1",
                "@parcel/css-cli-linux-arm-gnueabihf": "1.10.1",
                "@parcel/css-cli-linux-arm64-gnu": "1.10.1",
                "@parcel/css-cli-linux-arm64-musl": "1.10.1",
                "@parcel/css-cli-linux-x64-gnu": "1.10.1",
                "@parcel/css-cli-linux-x64-musl": "1.10.1",
                "@parcel/css-cli-win32-x64-msvc": "1.10.1",
                "detect-libc": "^1.0.3"
            }
        },
        "@parcel/css-cli-darwin-arm64": {
            "version": "1.10.1",
            "resolved": "https://registry.npmjs.org/@parcel/css-cli-darwin-arm64/-/css-cli-darwin-arm64-1.10.1.tgz",
            "integrity": "sha512-pkLNooZfkHDLwcTqkmPRmGD1vnKL66LqT4OIbL8DFQYGPslVBd8mniVPTxS3S8qRvBc76DUjL0K7yLUjAkW8SQ==",
            "dev": true,
            "optional": true
        },
        "@parcel/css-cli-darwin-x64": {
            "version": "1.10.1",
            "resolved": "https://registry.npmjs.org/@parcel/css-cli-darwin-x64/-/css-cli-darwin-x64-1.10.1.tgz",
            "integrity": "sha512-jPkjTarrRrwWPzaHwPSVz6UMFf93Vk3xuD0zrl7S9F/I4knP3Kx8816aut8Hm2nD1hGYBywMY6dl0udbsZhp6w==",
            "dev": true,
            "optional": true
        },
        "@parcel/css-cli-linux-arm-gnueabihf": {
            "version": "1.10.1",
            "resolved": "https://registry.npmjs.org/@parcel/css-cli-linux-arm-gnueabihf/-/css-cli-linux-arm-gnueabihf-1.10.1.tgz",
            "integrity": "sha512-nqHuemrGlI8Ltv3Xd4acHp1ZX81vi2j1lpMKXAT9A9nOIQJhvKdQ0ZmUFQthZ+yxlcgl2ncvGp406RM+xUtbYw==",
            "dev": true,
            "optional": true
        },
        "@parcel/css-cli-linux-arm64-gnu": {
            "version": "1.10.1",
            "resolved": "https://registry.npmjs.org/@parcel/css-cli-linux-arm64-gnu/-/css-cli-linux-arm64-gnu-1.10.1.tgz",
            "integrity": "sha512-TPekl3oI37ASGga6O/oxD2DmA0HObnCUI9CsvkYetpZg+cDFvpNu1ZVE44rXb5SOvDNDECd9ITRcv69NLJsiFw==",
            "dev": true,
            "optional": true
        },
        "@parcel/css-cli-linux-arm64-musl": {
            "version": "1.10.1",
            "resolved": "https://registry.npmjs.org/@parcel/css-cli-linux-arm64-musl/-/css-cli-linux-arm64-musl-1.10.1.tgz",
            "integrity": "sha512-V+D3jf4gVztYWLwufzLe2VoCjF5yopLEFZglEfuuR+vEyt6Tbatg1s7ITnkWPmfZ9Grpjdt4iCkfof2neh7znA==",
            "dev": true,
            "optional": true
        },
        "@parcel/css-cli-linux-x64-gnu": {
            "version": "1.10.1",
            "resolved": "https://registry.npmjs.org/@parcel/css-cli-linux-x64-gnu/-/css-cli-linux-x64-gnu-1.10.1.tgz",
            "integrity": "sha512-gRb+lFkWgL9E6d/gW5tea+aMNL23AAOt6DdKlNAe9JDm3NqL39wljkeTl8/g4IQfZUfyivffhMlnHBBXUo07Xw==",
            "dev": true,
            "optional": true
        },
        "@parcel/css-cli-linux-x64-musl": {
            "version": "1.10.1",
            "resolved": "https://registry.npmjs.org/@parcel/css-cli-linux-x64-musl/-/css-cli-linux-x64-musl-1.10.1.tgz",
            "integrity": "sha512-KVa5zVkjXOT/YDGickKbm1jCLMEIbuYuy/aL5iO8Vre5bMwVLrADee//EU/3NkR9pEK4Fsm0ccIJnvIAsxtj8Q==",
            "dev": true,
            "optional": true
        },
        "@parcel/css-cli-win32-x64-msvc": {
            "version": "1.10.1",
            "resolved": "https://registry.npmjs.org/@parcel/css-cli-win32-x64-msvc/-/css-cli-win32-x64-msvc-1.10.1.tgz",
            "integrity": "sha512-Q6UtcvEiS9nVXMAqnvrNoOEmUXRM8zq7KcV4iuq+a6Q8FiN1Hj8qjn3oqcvRZ5RnNMK1Wf2HAwsiHNw4/WGv0Q==",
            "dev": true,
            "optional": true
        },
        "detect-libc": {
            "version": "1.0.3",
            "resolved": "https://registry.npmjs.org/detect-libc/-/detect-libc-1.0.3.tgz",
            "integrity": "sha512-pGjwhsmsp4kL2RTz08wcOlGN83otlqHeD/Z5T8GXZB+/YcpQ/dgo+lbU8ZsGxV0HIvqqxo9l7mqYwyYMD9bKDg==",
            "dev": true
        }
    }
}
